
Microsoft Visual Studio Solution File, Format Version 12.00
# Visual Studio Version 17
VisualStudioVersion = 17.3.32922.545
MinimumVisualStudioVersion = 10.0.40219.1
Project("{9A19103F-16F7-4668-BE54-9A1E7A4F7556}") = "CsharpOOP.Encapsulation", "CsharpOOP.Encapsulation.csproj", "{72DF2C6F-BB1D-4EA0-BC08-5797319ABE3F}"
EndProject
Project("{9A19103F-16F7-4668-BE54-9A1E7A4F7556}") = "CsharpOOP.Associativity", "..\CsharpOOP.Associativity\CsharpOOP.Associativity.csproj", "{157A7D5C-EC43-4CE1-A021-6AA360EF289F}"
EndProject
Project("{9A19103F-16F7-4668-BE54-9A1E7A4F7556}") = "CsharpOOP.OneToMany", "..\CsharpOOP.OneToMany\CsharpOOP.OneToMany.csproj", "{50278E2F-81BE-4539-A070-D014FB38E57C}"
EndProject
Project("{9A19103F-16F7-4668-BE54-9A1E7A4F7556}") = "CsharpOOP.SuperShopApp", "..\CsharpOOP.SuperShopApp\CsharpOOP.SuperShopApp.csproj", "{F0F02743-994E-459D-ADB7-7349CBF0A117}"
EndProject
Project("{FAE04EC0-301F-11D3-BF4B-00C04F79EFBC}") = "CsharpOOP.ManyToMany", "..\CsharpOOP.ManyToMany\CsharpOOP.ManyToMany.csproj", "{F23FECDF-CAC5-447E-9D1E-8A39196D95E3}"
EndProject
Global
	GlobalSection(SolutionConfigurationPlatforms) = preSolution
		Debug|Any CPU = Debug|Any CPU
		Release|Any CPU = Release|Any CPU
	EndGlobalSection
	GlobalSection(ProjectConfigurationPlatforms) = postSolution
		{72DF2C6F-BB1D-4EA0-BC08-5797319ABE3F}.Debug|Any CPU.ActiveCfg = Debug|Any CPU
		{72DF2C6F-BB1D-4EA0-BC08-5797319ABE3F}.Debug|Any CPU.Build.0 = Debug|Any CPU
		{72DF2C6F-BB1D-4EA0-BC08-5797319ABE3F}.Release|Any CPU.ActiveCfg = Release|Any CPU
		{72DF2C6F-BB1D-4EA0-BC08-5797319ABE3F}.Release|Any CPU.Build.0 = Release|Any CPU
		{157A7D5C-EC43-4CE1-A021-6AA360EF289F}.Debug|Any CPU.ActiveCfg = Debug|Any CPU
		{157A7D5C-EC43-4CE1-A021-6AA360EF289F}.Debug|Any CPU.Build.0 = Debug|Any CPU
		{157A7D5C-EC43-4CE1-A021-6AA360EF289F}.Release|Any CPU.ActiveCfg = Release|Any CPU
		{157A7D5C-EC43-4CE1-A021-6AA360EF289F}.Release|Any CPU.Build.0 = Release|Any CPU
		{50278E2F-81BE-4539-A070-D014FB38E57C}.Debug|Any CPU.ActiveCfg = Debug|Any CPU
		{50278E2F-81BE-4539-A070-D014FB38E57C}.Debug|Any CPU.Build.0 = Debug|Any CPU
		{50278E2F-81BE-4539-A070-D014FB38E57C}.Release|Any CPU.ActiveCfg = Release|Any CPU
		{50278E2F-81BE-4539-A070-D014FB38E57C}.Release|Any CPU.Build.0 = Release|Any CPU
		{F0F02743-994E-459D-ADB7-7349CBF0A117}.Debug|Any CPU.ActiveCfg = Debug|Any CPU
		{F0F02743-994E-459D-ADB7-7349CBF0A117}.Debug|Any CPU.Build.0 = Debug|Any CPU
		{F0F02743-994E-459D-ADB7-7349CBF0A117}.Release|Any CPU.ActiveCfg = Release|Any CPU
		{F0F02743-994E-459D-ADB7-7349CBF0A117}.Release|Any CPU.Build.0 = Release|Any CPU
		{F23FECDF-CAC5-447E-9D1E-8A39196D95E3}.Debug|Any CPU.ActiveCfg = Debug|Any CPU
		{F23FECDF-CAC5-447E-9D1E-8A39196D95E3}.Debug|Any CPU.Build.0 = Debug|Any CPU
		{F23FECDF-CAC5-447E-9D1E-8A39196D95E3}.Release|Any CPU.ActiveCfg = Release|Any CPU
		{F23FECDF-CAC5-447E-9D1E-8A39196D95E3}.Release|Any CPU.Build.0 = Release|Any CPU
	EndGlobalSection
	GlobalSection(SolutionProperties) = preSolution
		HideSolutionNode = FALSE
	EndGlobalSection
	GlobalSection(ExtensibilityGlobals) = postSolution
		SolutionGuid = {BCA00A34-A062-429B-9FA5-E3B00B110600}
	EndGlobalSection
EndGlobal
