
Microsoft Visual Studio Solution File, Format Version 12.00
# Visual Studio Version 17
VisualStudioVersion = 17.3.32922.545
MinimumVisualStudioVersion = 10.0.40219.1
Project("{9A19103F-16F7-4668-BE54-9A1E7A4F7556}") = "CsharpAdvanceConcepts", "CsharpAdvanceConcepts\CsharpAdvanceConcepts.csproj", "{DF12B3E8-F1D5-46D9-A52F-65356FEFC919}"
EndProject
Project("{9A19103F-16F7-4668-BE54-9A1E7A4F7556}") = "CsharpAdvanceConcepts.Delegates", "CsharpAdvanceConcepts.Delegates\CsharpAdvanceConcepts.Delegates.csproj", "{B38FF9E4-E1FD-40AB-8AAD-77B4395A8CE6}"
EndProject
Project("{9A19103F-16F7-4668-BE54-9A1E7A4F7556}") = "CsharpAdvanceConcepts.AnonymousMethods", "CsharpAdvanceConcepts.AnonymousMethods\CsharpAdvanceConcepts.AnonymousMethods.csproj", "{6DA43DD4-100E-4EE5-9B62-6969ECD529AB}"
EndProject
Project("{FAE04EC0-301F-11D3-BF4B-00C04F79EFBC}") = "CsharpAdvanceConcepts.LINQ", "CsharpAdvanceConcepts.LINQ\CsharpAdvanceConcepts.LINQ.csproj", "{32D56B15-A9AE-4573-ADDB-78955B5AF028}"
EndProject
Global
	GlobalSection(SolutionConfigurationPlatforms) = preSolution
		Debug|Any CPU = Debug|Any CPU
		Release|Any CPU = Release|Any CPU
	EndGlobalSection
	GlobalSection(ProjectConfigurationPlatforms) = postSolution
		{DF12B3E8-F1D5-46D9-A52F-65356FEFC919}.Debug|Any CPU.ActiveCfg = Debug|Any CPU
		{DF12B3E8-F1D5-46D9-A52F-65356FEFC919}.Debug|Any CPU.Build.0 = Debug|Any CPU
		{DF12B3E8-F1D5-46D9-A52F-65356FEFC919}.Release|Any CPU.ActiveCfg = Release|Any CPU
		{DF12B3E8-F1D5-46D9-A52F-65356FEFC919}.Release|Any CPU.Build.0 = Release|Any CPU
		{B38FF9E4-E1FD-40AB-8AAD-77B4395A8CE6}.Debug|Any CPU.ActiveCfg = Debug|Any CPU
		{B38FF9E4-E1FD-40AB-8AAD-77B4395A8CE6}.Debug|Any CPU.Build.0 = Debug|Any CPU
		{B38FF9E4-E1FD-40AB-8AAD-77B4395A8CE6}.Release|Any CPU.ActiveCfg = Release|Any CPU
		{B38FF9E4-E1FD-40AB-8AAD-77B4395A8CE6}.Release|Any CPU.Build.0 = Release|Any CPU
		{6DA43DD4-100E-4EE5-9B62-6969ECD529AB}.Debug|Any CPU.ActiveCfg = Debug|Any CPU
		{6DA43DD4-100E-4EE5-9B62-6969ECD529AB}.Debug|Any CPU.Build.0 = Debug|Any CPU
		{6DA43DD4-100E-4EE5-9B62-6969ECD529AB}.Release|Any CPU.ActiveCfg = Release|Any CPU
		{6DA43DD4-100E-4EE5-9B62-6969ECD529AB}.Release|Any CPU.Build.0 = Release|Any CPU
		{32D56B15-A9AE-4573-ADDB-78955B5AF028}.Debug|Any CPU.ActiveCfg = Debug|Any CPU
		{32D56B15-A9AE-4573-ADDB-78955B5AF028}.Debug|Any CPU.Build.0 = Debug|Any CPU
		{32D56B15-A9AE-4573-ADDB-78955B5AF028}.Release|Any CPU.ActiveCfg = Release|Any CPU
		{32D56B15-A9AE-4573-ADDB-78955B5AF028}.Release|Any CPU.Build.0 = Release|Any CPU
	EndGlobalSection
	GlobalSection(SolutionProperties) = preSolution
		HideSolutionNode = FALSE
	EndGlobalSection
	GlobalSection(ExtensibilityGlobals) = postSolution
		SolutionGuid = {568641FA-7239-43E4-A43C-4DF235EC3CAB}
	EndGlobalSection
EndGlobal
